// !$*UTF8*$!
{
	archiveVersion = 1;
	classes = {
	};
	objectVersion = 46;
	objects = {

/* Begin PBXBuildFile section */
		8BACC96F1E3A2D0A0039998D /* main.m in Sources */ = {isa = PBXBuildFile; fileRef = 8BACC96E1E3A2D0A0039998D /* main.m */; };
		8BACC9721E3A2D0A0039998D /* AppDelegate.m in Sources */ = {isa = PBXBuildFile; fileRef = 8BACC9711E3A2D0A0039998D /* AppDelegate.m */; };
		8BACC9751E3A2D0A0039998D /* ViewController.m in Sources */ = {isa = PBXBuildFile; fileRef = 8BACC9741E3A2D0A0039998D /* ViewController.m */; };
		8BACC9781E3A2D0A0039998D /* Main.storyboard in Resources */ = {isa = PBXBuildFile; fileRef = 8BACC9761E3A2D0A0039998D /* Main.storyboard */; };
		8BACC97A1E3A2D0A0039998D /* Assets.xcassets in Resources */ = {isa = PBXBuildFile; fileRef = 8BACC9791E3A2D0A0039998D /* Assets.xcassets */; };
		8BACC97D1E3A2D0A0039998D /* LaunchScreen.storyboard in Resources */ = {isa = PBXBuildFile; fileRef = 8BACC97B1E3A2D0A0039998D /* LaunchScreen.storyboard */; };
/* End PBXBuildFile section */

/* Begin PBXFileReference section */
		8BACC96A1E3A2D0A0039998D /* QuestionMark.app */ = {isa = PBXFileReference; explicitFileType = wrapper.application; includeInIndex = 0; path = QuestionMark.app; sourceTree = BUILT_PRODUCTS_DIR; };
		8BACC96E1E3A2D0A0039998D /* main.m */ = {isa = PBXFileReference; lastKnownFileType = sourcecode.c.objc; path = main.m; sourceTree = "<group>"; };
		8BACC9701E3A2D0A0039998D /* AppDelegate.h */ = {isa = PBXFileReference; lastKnownFileType = sourcecode.c.h; path = AppDelegate.h; sourceTree = "<group>"; };
		8BACC9711E3A2D0A0039998D /* AppDelegate.m */ = {isa = PBXFileReference; lastKnownFileType = sourcecode.c.objc; path = AppDelegate.m; sourceTree = "<group>"; };
		8BACC9731E3A2D0A0039998D /* ViewController.h */ = {isa = PBXFileReference; lastKnownFileType = sourcecode.c.h; path = ViewController.h; sourceTree = "<group>"; };
		8BACC9741E3A2D0A0039998D /* ViewController.m */ = {isa = PBXFileReference; lastKnownFileType = sourcecode.c.objc; path = ViewController.m; sourceTree = "<group>"; };
		8BACC9771E3A2D0A0039998D /* Base */ = {isa = PBXFileReference; lastKnownFileType = file.storyboard; name = Base; path = Base.lproj/Main.storyboard; sourceTree = "<group>"; };
		8BACC9791E3A2D0A0039998D /* Assets.xcassets */ = {isa = PBXFileReference; lastKnownFileType = folder.assetcatalog; path = Assets.xcassets; sourceTree = "<group>"; };
		8BACC97C1E3A2D0A0039998D /* Base */ = {isa = PBXFileReference; lastKnownFileType = file.storyboard; name = Base; path = Base.lproj/LaunchScreen.storyboard; sourceTree = "<group>"; };
		8BACC97E1E3A2D0A0039998D /* Info.plist */ = {isa = PBXFileReference; lastKnownFileType = text.plist.xml; path = Info.plist; sourceTree = "<group>"; };
/* End PBXFileReference section */

/* Begin PBXFrameworksBuildPhase section */
		8BACC9671E3A2D0A0039998D /* Frameworks */ = {
			isa = PBXFrameworksBuildPhase;
			buildActionMask = 2147483647;
			files = (
			);
			runOnlyForDeploymentPostprocessing = 0;
		};
/* End PBXFrameworksBuildPhase section */

/* Begin PBXGroup section */
		8BACC9611E3A2D0A0039998D = {
			isa = PBXGroup;
			children = (
				8BACC96C1E3A2D0A0039998D /* QuestionMark */,
				8BACC96B1E3A2D0A0039998D /* Products */,
			);
			sourceTree = "<group>";
		};
		8BACC96B1E3A2D0A0039998D /* Products */ = {
			isa = PBXGroup;
			children = (
				8BACC96A1E3A2D0A0039998D /* QuestionMark.app */,
			);
			name = Products;
			sourceTree = "<group>";
		};
		8BACC96C1E3A2D0A0039998D /* QuestionMark */ = {
			isa = PBXGroup;
			children = (
				8BACC9701E3A2D0A0039998D /* AppDelegate.h */,
				8BACC9711E3A2D0A0039998D /* AppDelegate.m */,
				8BACC9731E3A2D0A0039998D /* ViewController.h */,
				8BACC9741E3A2D0A0039998D /* ViewController.m */,
				8BACC9761E3A2D0A0039998D /* Main.storyboard */,
				8BACC9791E3A2D0A0039998D /* Assets.xcassets */,
				8BACC97B1E3A2D0A0039998D /* LaunchScreen.storyboard */,
				8BACC97E1E3A2D0A0039998D /* Info.plist */,
				8BACC96D1E3A2D0A0039998D /* Supporting Files */,
			);
			path = QuestionMark;
			sourceTree = "<group>";
		};
		8BACC96D1E3A2D0A0039998D /* Supporting Files */ = {
			isa = PBXGroup;
			children = (
				8BACC96E1E3A2D0A0039998D /* main.m */,
			);
			name = "Supporting Files";
			sourceTree = "<group>";
		};
/* End PBXGroup section */

/* Begin PBXNativeTarget section */
		8BACC9691E3A2D0A0039998D /* QuestionMark */ = {
			isa = PBXNativeTarget;
			buildConfigurationList = 8BACC9811E3A2D0A0039998D /* Build configuration list for PBXNativeTarget "QuestionMark" */;
			buildPhases = (
				8BACC9661E3A2D0A0039998D /* Sources */,
				8BACC9671E3A2D0A0039998D /* Frameworks */,
				8BACC9681E3A2D0A0039998D /* Resources */,
			);
			buildRules = (
			);
			dependencies = (
			);
			name = QuestionMark;
			productName = QuestionMark;
			productReference = 8BACC96A1E3A2D0A0039998D /* QuestionMark.app */;
			productType = "com.apple.product-type.application";
		};
/* End PBXNativeTarget section */

/* Begin PBXProject section */
		8BACC9621E3A2D0A0039998D /* Project object */ = {
			isa = PBXProject;
			attributes = {
				LastUpgradeCheck = 0820;
				ORGANIZATIONNAME = "Tobias Hillén";
				TargetAttributes = {
					8BACC9691E3A2D0A0039998D = {
						CreatedOnToolsVersion = 8.2.1;
						ProvisioningStyle = Automatic;
					};
				};
			};
			buildConfigurationList = 8BACC9651E3A2D0A0039998D /* Build configuration list for PBXProject "QuestionMark" */;
			compatibilityVersion = "Xcode 3.2";
			developmentRegion = English;
			hasScannedForEncodings = 0;
			knownRegions = (
				en,
				Base,
			);
			mainGroup = 8BACC9611E3A2D0A0039998D;
			productRefGroup = 8BACC96B1E3A2D0A0039998D /* Products */;
			projectDirPath = "";
			projectRoot = "";
			targets = (
				8BACC9691E3A2D0A0039998D /* QuestionMark */,
			);
		};
/* End PBXProject section */

/* Begin PBXResourcesBuildPhase section */
		8BACC9681E3A2D0A0039998D /* Resources */ = {
			isa = PBXResourcesBuildPhase;
			buildActionMask = 2147483647;
			files = (
				8BACC97D1E3A2D0A0039998D /* LaunchScreen.storyboard in Resources */,
				8BACC97A1E3A2D0A0039998D /* Assets.xcassets in Resources */,
				8BACC9781E3A2D0A0039998D /* Main.storyboard in Resources */,
			);
			runOnlyForDeploymentPostprocessing = 0;
		};
/* End PBXResourcesBuildPhase section */

/* Begin PBXSourcesBuildPhase section */
		8BACC9661E3A2D0A0039998D /* Sources */ = {
			isa = PBXSourcesBuildPhase;
			buildActionMask = 2147483647;
			files = (
				8BACC9751E3A2D0A0039998D /* ViewController.m in Sources */,
				8BACC9721E3A2D0A0039998D /* AppDelegate.m in Sources */,
				8BACC96F1E3A2D0A0039998D /* main.m in Sources */,
			);
			runOnlyForDeploymentPostprocessing = 0;
		};
/* End PBXSourcesBuildPhase section */

/* Begin PBXVariantGroup section */
		8BACC9761E3A2D0A0039998D /* Main.storyboard */ = {
			isa = PBXVariantGroup;
			children = (
				8BACC9771E3A2D0A0039998D /* Base */,
			);
			name = Main.storyboard;
			sourceTree = "<group>";
		};
		8BACC97B1E3A2D0A0039998D /* LaunchScreen.storyboard */ = {
			isa = PBXVariantGroup;
			children = (
				8BACC97C1E3A2D0A0039998D /* Base */,
			);
			name = LaunchScreen.storyboard;
			sourceTree = "<group>";
		};
/* End PBXVariantGroup section */

/* Begin XCBuildConfiguration section */
		8BACC97F1E3A2D0A0039998D /* Debug */ = {
			isa = XCBuildConfiguration;
			buildSettings = {
				ALWAYS_SEARCH_USER_PATHS = NO;
				CLANG_ANALYZER_NONNULL = YES;
				CLANG_CXX_LANGUAGE_STANDARD = "gnu++0x";
				CLANG_CXX_LIBRARY = "libc++";
				CLANG_ENABLE_MODULES = YES;
				CLANG_ENABLE_OBJC_ARC = YES;
				CLANG_WARN_BOOL_CONVERSION = YES;
				CLANG_WARN_CONSTANT_CONVERSION = YES;
				CLANG_WARN_DIRECT_OBJC_ISA_USAGE = YES_ERROR;
				CLANG_WARN_DOCUMENTATION_COMMENTS = YES;
				CLANG_WARN_EMPTY_BODY = YES;
				CLANG_WARN_ENUM_CONVERSION = YES;
				CLANG_WARN_INFINITE_RECURSION = YES;
				CLANG_WARN_INT_CONVERSION = YES;
				CLANG_WARN_OBJC_ROOT_CLASS = YES_ERROR;
				CLANG_WARN_SUSPICIOUS_MOVE = YES;
				CLANG_WARN_UNREACHABLE_CODE = YES;
				CLANG_WARN__DUPLICATE_METHOD_MATCH = YES;
				"CODE_SIGN_IDENTITY[sdk=iphoneos*]" = "iPhone Developer";
				COPY_PHASE_STRIP = NO;
				DEBUG_INFORMATION_FORMAT = dwarf;
				ENABLE_STRICT_OBJC_MSGSEND = YES;
				ENABLE_TESTABILITY = YES;
				GCC_C_LANGUAGE_STANDARD = gnu99;
				GCC_DYNAMIC_NO_PIC = NO;
				GCC_NO_COMMON_BLOCKS = YES;
				GCC_OPTIMIZATION_LEVEL = 0;
				GCC_PREPROCESSOR_DEFINITIONS = (
					"DEBUG=1",
					"$(inherited)",
				);
				GCC_WARN_64_TO_32_BIT_CONVERSION = YES;
				GCC_WARN_ABOUT_RETURN_TYPE = YES_ERROR;
				GCC_WARN_UNDECLARED_SELECTOR = YES;
				GCC_WARN_UNINITIALIZED_AUTOS = YES_AGGRESSIVE;
				GCC_WARN_UNUSED_FUNCTION = YES;
				GCC_WARN_UNUSED_VARIABLE = YES;
				IPHONEOS_DEPLOYMENT_TARGET = 10.2;
				MTL_ENABLE_DEBUG_INFO = YES;
				ONLY_ACTIVE_ARCH = YES;
				SDKROOT = iphoneos;
			};
			name = Debug;
		};
		8BACC9801E3A2D0A0039998D /* Release */ = {
			isa = XCBuildConfiguration;
			buildSettings = {
				ALWAYS_SEARCH_USER_PATHS = NO;
				CLANG_ANALYZER_NONNULL = YES;
				CLANG_CXX_LANGUAGE_STANDARD = "gnu++0x";
				CLANG_CXX_LIBRARY = "libc++";
				CLANG_ENABLE_MODULES = YES;
				CLANG_ENABLE_OBJC_ARC = YES;
				CLANG_WARN_BOOL_CONVERSION = YES;
				CLANG_WARN_CONSTANT_CONVERSION = YES;
				CLANG_WARN_DIRECT_OBJC_ISA_USAGE = YES_ERROR;
				CLANG_WARN_DOCUMENTATION_COMMENTS = YES;
				CLANG_WARN_EMPTY_BODY = YES;
				CLANG_WARN_ENUM_CONVERSION = YES;
				CLANG_WARN_INFINITE_RECURSION = YES;
				CLANG_WARN_INT_CONVERSION = YES;
				CLANG_WARN_OBJC_ROOT_CLASS = YES_ERROR;
				CLANG_WARN_SUSPICIOUS_MOVE = YES;
				CLANG_WARN_UNREACHABLE_CODE = YES;
				CLANG_WARN__DUPLICATE_METHOD_MATCH = YES;
				"CODE_SIGN_IDENTITY[sdk=iphoneos*]" = "iPhone Developer";
				COPY_PHASE_STRIP = NO;
				DEBUG_INFORMATION_FORMAT = "dwarf-with-dsym";
				ENABLE_NS_ASSERTIONS = NO;
				ENABLE_STRICT_OBJC_MSGSEND = YES;
				GCC_C_LANGUAGE_STANDARD = gnu99;
				GCC_NO_COMMON_BLOCKS = YES;
				GCC_WARN_64_TO_32_BIT_CONVERSION = YES;
				GCC_WARN_ABOUT_RETURN_TYPE = YES_ERROR;
				GCC_WARN_UNDECLARED_SELECTOR = YES;
				GCC_WARN_UNINITIALIZED_AUTOS = YES_AGGRESSIVE;
				GCC_WARN_UNUSED_FUNCTION = YES;
				GCC_WARN_UNUSED_VARIABLE = YES;
				IPHONEOS_DEPLOYMENT_TARGET = 10.2;
				MTL_ENABLE_DEBUG_INFO = NO;
				SDKROOT = iphoneos;
				VALIDATE_PRODUCT = YES;
			};
			name = Release;
		};
		8BACC9821E3A2D0A0039998D /* Debug */ = {
			isa = XCBuildConfiguration;
			buildSettings = {
				ASSETCATALOG_COMPILER_APPICON_NAME = AppIcon;
				INFOPLIST_FILE = QuestionMark/Info.plist;
				LD_RUNPATH_SEARCH_PATHS = "$(inherited) @executable_path/Frameworks";
				PRODUCT_BUNDLE_IDENTIFIER = TH.QuestionMark;
				PRODUCT_NAME = "$(TARGET_NAME)";
			};
			name = Debug;
		};
		8BACC9831E3A2D0A0039998D /* Release */ = {
			isa = XCBuildConfiguration;
			buildSettings = {
				ASSETCATALOG_COMPILER_APPICON_NAME = AppIcon;
				INFOPLIST_FILE = QuestionMark/Info.plist;
				LD_RUNPATH_SEARCH_PATHS = "$(inherited) @executable_path/Frameworks";
				PRODUCT_BUNDLE_IDENTIFIER = TH.QuestionMark;
				PRODUCT_NAME = "$(TARGET_NAME)";
			};
			name = Release;
		};
/* End XCBuildConfiguration section */

/* Begin XCConfigurationList section */
		8BACC9651E3A2D0A0039998D /* Build configuration list for PBXProject "QuestionMark" */ = {
			isa = XCConfigurationList;
			buildConfigurations = (
				8BACC97F1E3A2D0A0039998D /* Debug */,
				8BACC9801E3A2D0A0039998D /* Release */,
			);
			defaultConfigurationIsVisible = 0;
			defaultConfigurationName = Release;
		};
		8BACC9811E3A2D0A0039998D /* Build configuration list for PBXNativeTarget "QuestionMark" */ = {
			isa = XCConfigurationList;
			buildConfigurations = (
				8BACC9821E3A2D0A0039998D /* Debug */,
				8BACC9831E3A2D0A0039998D /* Release */,
			);
			defaultConfigurationIsVisible = 0;
		};
/* End XCConfigurationList section */
	};
	rootObject = 8BACC9621E3A2D0A0039998D /* Project object */;
}
